
Microsoft Visual Studio Solution File, Format Version 12.00
# Visual Studio Version 17
VisualStudioVersion = 17.3.32804.467
MinimumVisualStudioVersion = 10.0.40219.1
Project("{FAE04EC0-301F-11D3-BF4B-00C04F79EFBC}") = "CA_OOPOdev", "CA_OOPOdev\CA_OOPOdev.csproj", "{2DD3448D-F42D-4AD3-A6C7-E2F11C255439}"
EndProject
Global
	GlobalSection(SolutionConfigurationPlatforms) = preSolution
		Debug|Any CPU = Debug|Any CPU
		Release|Any CPU = Release|Any CPU
	EndGlobalSection
	GlobalSection(ProjectConfigurationPlatforms) = postSolution
		{2DD3448D-F42D-4AD3-A6C7-E2F11C255439}.Debug|Any CPU.ActiveCfg = Debug|Any CPU
		{2DD3448D-F42D-4AD3-A6C7-E2F11C255439}.Debug|Any CPU.Build.0 = Debug|Any CPU
		{2DD3448D-F42D-4AD3-A6C7-E2F11C255439}.Release|Any CPU.ActiveCfg = Release|Any CPU
		{2DD3448D-F42D-4AD3-A6C7-E2F11C255439}.Release|Any CPU.Build.0 = Release|Any CPU
	EndGlobalSection
	GlobalSection(SolutionProperties) = preSolution
		HideSolutionNode = FALSE
	EndGlobalSection
	GlobalSection(ExtensibilityGlobals) = postSolution
		SolutionGuid = {2566217E-41CE-4F75-833E-6CD5C0D0C3C4}
	EndGlobalSection
EndGlobal
